
Microsoft Visual Studio Solution File, Format Version 12.00
# Visual Studio Version 17
VisualStudioVersion = 17.5.33627.172
MinimumVisualStudioVersion = 10.0.40219.1
Project("{FAE04EC0-301F-11D3-BF4B-00C04F79EFBC}") = "AlgTrainer", "AlgTrainer\AlgTrainer.csproj", "{DF011C0F-78AB-4EAF-B5CD-1D4AF1E69011}"
EndProject
Global
	GlobalSection(SolutionConfigurationPlatforms) = preSolution
		Debug|Any CPU = Debug|Any CPU
		Release|Any CPU = Release|Any CPU
	EndGlobalSection
	GlobalSection(ProjectConfigurationPlatforms) = postSolution
		{DF011C0F-78AB-4EAF-B5CD-1D4AF1E69011}.Debug|Any CPU.ActiveCfg = Debug|Any CPU
		{DF011C0F-78AB-4EAF-B5CD-1D4AF1E69011}.Debug|Any CPU.Build.0 = Debug|Any CPU
		{DF011C0F-78AB-4EAF-B5CD-1D4AF1E69011}.Release|Any CPU.ActiveCfg = Release|Any CPU
		{DF011C0F-78AB-4EAF-B5CD-1D4AF1E69011}.Release|Any CPU.Build.0 = Release|Any CPU
	EndGlobalSection
	GlobalSection(SolutionProperties) = preSolution
		HideSolutionNode = FALSE
	EndGlobalSection
	GlobalSection(ExtensibilityGlobals) = postSolution
		SolutionGuid = {FE34DDA0-4020-4D18-A780-B1D54C3CFD3C}
	EndGlobalSection
EndGlobal
